
Microsoft Visual Studio Solution File, Format Version 12.00
# Visual Studio Version 17
VisualStudioVersion = 17.14.36221.1 d17.14
MinimumVisualStudioVersion = 10.0.40219.1
Project("{FAE04EC0-301F-11D3-BF4B-00C04F79EFBC}") = "SwaggerDemoApi", "SwaggerDemoApi.csproj", "{EFF18CAD-B47E-4690-98FE-3633EDA7B83F}"
EndProject
Global
	GlobalSection(SolutionConfigurationPlatforms) = preSolution
		Debug|Any CPU = Debug|Any CPU
		Release|Any CPU = Release|Any CPU
	EndGlobalSection
	GlobalSection(ProjectConfigurationPlatforms) = postSolution
		{EFF18CAD-B47E-4690-98FE-3633EDA7B83F}.Debug|Any CPU.ActiveCfg = Debug|Any CPU
		{EFF18CAD-B47E-4690-98FE-3633EDA7B83F}.Debug|Any CPU.Build.0 = Debug|Any CPU
		{EFF18CAD-B47E-4690-98FE-3633EDA7B83F}.Release|Any CPU.ActiveCfg = Release|Any CPU
		{EFF18CAD-B47E-4690-98FE-3633EDA7B83F}.Release|Any CPU.Build.0 = Release|Any CPU
	EndGlobalSection
	GlobalSection(SolutionProperties) = preSolution
		HideSolutionNode = FALSE
	EndGlobalSection
	GlobalSection(ExtensibilityGlobals) = postSolution
		SolutionGuid = {FB79D228-3060-4887-BDA3-08DC27963739}
	EndGlobalSection
EndGlobal
